
Microsoft Visual Studio Solution File, Format Version 12.00
# Visual Studio Version 16
VisualStudioVersion = 16.0.31129.286
MinimumVisualStudioVersion = 10.0.40219.1
Project("{9A19103F-16F7-4668-BE54-9A1E7A4F7556}") = "DI-Playground", "DI-Playground.csproj", "{70E4AB02-81D5-4A10-B7F4-F609F9BBAAB6}"
EndProject
Global
	GlobalSection(SolutionConfigurationPlatforms) = preSolution
		Debug|Any CPU = Debug|Any CPU
		Release|Any CPU = Release|Any CPU
	EndGlobalSection
	GlobalSection(ProjectConfigurationPlatforms) = postSolution
		{70E4AB02-81D5-4A10-B7F4-F609F9BBAAB6}.Debug|Any CPU.ActiveCfg = Debug|Any CPU
		{70E4AB02-81D5-4A10-B7F4-F609F9BBAAB6}.Debug|Any CPU.Build.0 = Debug|Any CPU
		{70E4AB02-81D5-4A10-B7F4-F609F9BBAAB6}.Release|Any CPU.ActiveCfg = Release|Any CPU
		{70E4AB02-81D5-4A10-B7F4-F609F9BBAAB6}.Release|Any CPU.Build.0 = Release|Any CPU
	EndGlobalSection
	GlobalSection(SolutionProperties) = preSolution
		HideSolutionNode = FALSE
	EndGlobalSection
	GlobalSection(ExtensibilityGlobals) = postSolution
		SolutionGuid = {5197348D-D35A-4B76-B8B9-684D4889A38C}
	EndGlobalSection
EndGlobal
